
Microsoft Visual Studio Solution File, Format Version 12.00
# Visual Studio Version 17
VisualStudioVersion = 17.0.31903.59
MinimumVisualStudioVersion = 10.0.40219.1
Project("{FAE04EC0-301F-11D3-BF4B-00C04F79EFBC}") = "HsbgCardLookup", "HsbgCardLookup\HsbgCardLookup.csproj", "{E53BEEE6-D1E5-41EA-8F48-8D807F9E706D}"
EndProject
Global
	GlobalSection(SolutionConfigurationPlatforms) = preSolution
		Debug|Any CPU = Debug|Any CPU
		Release|Any CPU = Release|Any CPU
	EndGlobalSection
	GlobalSection(ProjectConfigurationPlatforms) = postSolution
		{E53BEEE6-D1E5-41EA-8F48-8D807F9E706D}.Debug|Any CPU.ActiveCfg = Debug|Any CPU
		{E53BEEE6-D1E5-41EA-8F48-8D807F9E706D}.Debug|Any CPU.Build.0 = Debug|Any CPU
		{E53BEEE6-D1E5-41EA-8F48-8D807F9E706D}.Release|Any CPU.ActiveCfg = Release|Any CPU
		{E53BEEE6-D1E5-41EA-8F48-8D807F9E706D}.Release|Any CPU.Build.0 = Release|Any CPU
	EndGlobalSection
	GlobalSection(SolutionProperties) = preSolution
		HideSolutionNode = FALSE
	EndGlobalSection
	GlobalSection(ExtensibilityGlobals) = postSolution
		SolutionGuid = {E1BB7246-BD61-462C-A224-374471547F5C}
	EndGlobalSection
EndGlobal
